
Microsoft Visual Studio Solution File, Format Version 11.00
# Visual Studio 2010
Project("{FAE04EC0-301F-11D3-BF4B-00C04F79EFBC}") = "BigLittleEndian", "BigLittleEndian\BigLittleEndian.csproj", "{A5A04335-F7BB-43DB-8253-1F16C21A96B1}"
EndProject
Global
	GlobalSection(SolutionConfigurationPlatforms) = preSolution
		Debug|x86 = Debug|x86
		Release|x86 = Release|x86
	EndGlobalSection
	GlobalSection(ProjectConfigurationPlatforms) = postSolution
		{A5A04335-F7BB-43DB-8253-1F16C21A96B1}.Debug|x86.ActiveCfg = Debug|x86
		{A5A04335-F7BB-43DB-8253-1F16C21A96B1}.Debug|x86.Build.0 = Debug|x86
		{A5A04335-F7BB-43DB-8253-1F16C21A96B1}.Release|x86.ActiveCfg = Release|x86
		{A5A04335-F7BB-43DB-8253-1F16C21A96B1}.Release|x86.Build.0 = Release|x86
	EndGlobalSection
	GlobalSection(SolutionProperties) = preSolution
		HideSolutionNode = FALSE
	EndGlobalSection
EndGlobal
